
Microsoft Visual Studio Solution File, Format Version 12.00
# Visual Studio Express 2012 for Windows Desktop
Project("{FAE04EC0-301F-11D3-BF4B-00C04F79EFBC}") = "Capa_De_Aplicacion", "Capa_De_Aplicacion\Capa_De_Aplicacion.csproj", "{2E5AC555-732E-46D4-9507-A7A6FE3C33E3}"
	ProjectSection(ProjectDependencies) = postProject
		{80075A4C-FC14-4B25-860E-50BFA4B8289C} = {80075A4C-FC14-4B25-860E-50BFA4B8289C}
		{9872A68C-5286-4732-8432-7EFD67941203} = {9872A68C-5286-4732-8432-7EFD67941203}
	EndProjectSection
EndProject
Project("{FAE04EC0-301F-11D3-BF4B-00C04F79EFBC}") = "Capa_De_Negocios", "Capa_De_Negocios\Capa_De_Negocios.csproj", "{80075A4C-FC14-4B25-860E-50BFA4B8289C}"
	ProjectSection(ProjectDependencies) = postProject
		{9872A68C-5286-4732-8432-7EFD67941203} = {9872A68C-5286-4732-8432-7EFD67941203}
		{3EF3538F-BF31-44F0-8D87-D5108FECCF23} = {3EF3538F-BF31-44F0-8D87-D5108FECCF23}
	EndProjectSection
EndProject
Project("{FAE04EC0-301F-11D3-BF4B-00C04F79EFBC}") = "Capa_De_Datos", "Capa_De_Datos\Capa_De_Datos.csproj", "{3EF3538F-BF31-44F0-8D87-D5108FECCF23}"
	ProjectSection(ProjectDependencies) = postProject
		{9872A68C-5286-4732-8432-7EFD67941203} = {9872A68C-5286-4732-8432-7EFD67941203}
	EndProjectSection
EndProject
Project("{FAE04EC0-301F-11D3-BF4B-00C04F79EFBC}") = "Entidades", "Entidades\Entidades.csproj", "{9872A68C-5286-4732-8432-7EFD67941203}"
EndProject
Global
	GlobalSection(SolutionConfigurationPlatforms) = preSolution
		Debug|Any CPU = Debug|Any CPU
		Release|Any CPU = Release|Any CPU
	EndGlobalSection
	GlobalSection(ProjectConfigurationPlatforms) = postSolution
		{2E5AC555-732E-46D4-9507-A7A6FE3C33E3}.Debug|Any CPU.ActiveCfg = Debug|Any CPU
		{2E5AC555-732E-46D4-9507-A7A6FE3C33E3}.Debug|Any CPU.Build.0 = Debug|Any CPU
		{2E5AC555-732E-46D4-9507-A7A6FE3C33E3}.Release|Any CPU.ActiveCfg = Release|Any CPU
		{2E5AC555-732E-46D4-9507-A7A6FE3C33E3}.Release|Any CPU.Build.0 = Release|Any CPU
		{80075A4C-FC14-4B25-860E-50BFA4B8289C}.Debug|Any CPU.ActiveCfg = Debug|Any CPU
		{80075A4C-FC14-4B25-860E-50BFA4B8289C}.Debug|Any CPU.Build.0 = Debug|Any CPU
		{80075A4C-FC14-4B25-860E-50BFA4B8289C}.Release|Any CPU.ActiveCfg = Release|Any CPU
		{80075A4C-FC14-4B25-860E-50BFA4B8289C}.Release|Any CPU.Build.0 = Release|Any CPU
		{3EF3538F-BF31-44F0-8D87-D5108FECCF23}.Debug|Any CPU.ActiveCfg = Debug|Any CPU
		{3EF3538F-BF31-44F0-8D87-D5108FECCF23}.Debug|Any CPU.Build.0 = Debug|Any CPU
		{3EF3538F-BF31-44F0-8D87-D5108FECCF23}.Release|Any CPU.ActiveCfg = Release|Any CPU
		{3EF3538F-BF31-44F0-8D87-D5108FECCF23}.Release|Any CPU.Build.0 = Release|Any CPU
		{9872A68C-5286-4732-8432-7EFD67941203}.Debug|Any CPU.ActiveCfg = Debug|Any CPU
		{9872A68C-5286-4732-8432-7EFD67941203}.Debug|Any CPU.Build.0 = Debug|Any CPU
		{9872A68C-5286-4732-8432-7EFD67941203}.Release|Any CPU.ActiveCfg = Release|Any CPU
		{9872A68C-5286-4732-8432-7EFD67941203}.Release|Any CPU.Build.0 = Release|Any CPU
	EndGlobalSection
	GlobalSection(SolutionProperties) = preSolution
		HideSolutionNode = FALSE
	EndGlobalSection
EndGlobal
